Microsoft Visual Studio Solution File, Format Version 12.00
# Visual Studio Version 17
VisualStudioVersion = 17.5.2.0
MinimumVisualStudioVersion = 10.0.40219.1
Project("{FAE04EC0-301F-11D3-BF4B-00C04F79EFBC}") = "ReactTodoApp", "ReactTodoApp.csproj", "{5BDC04AD-6D95-3497-CDEC-9776B1E6DDF4}"
EndProject
Global
	GlobalSection(SolutionConfigurationPlatforms) = preSolution
		Debug|Any CPU = Debug|Any CPU
		Release|Any CPU = Release|Any CPU
	EndGlobalSection
	GlobalSection(ProjectConfigurationPlatforms) = postSolution
		{5BDC04AD-6D95-3497-CDEC-9776B1E6DDF4}.Debug|Any CPU.ActiveCfg = Debug|Any CPU
		{5BDC04AD-6D95-3497-CDEC-9776B1E6DDF4}.Debug|Any CPU.Build.0 = Debug|Any CPU
		{5BDC04AD-6D95-3497-CDEC-9776B1E6DDF4}.Release|Any CPU.ActiveCfg = Release|Any CPU
		{5BDC04AD-6D95-3497-CDEC-9776B1E6DDF4}.Release|Any CPU.Build.0 = Release|Any CPU
	EndGlobalSection
	GlobalSection(SolutionProperties) = preSolution
		HideSolutionNode = FALSE
	EndGlobalSection
	GlobalSection(ExtensibilityGlobals) = postSolution
		SolutionGuid = {06474D18-0D4A-43FA-ADC7-DFC421B8E40D}
	EndGlobalSection
EndGlobal
